// !$*UTF8*$!
{
	archiveVersion = 1;
	classes = {
	};
	objectVersion = 56;
	objects = {

/* Begin PBXBuildFile section */
		15FC0FAE2965BEE6001E637C /* demo_push_xcodeApp.swift in Sources */ = {isa = PBXBuildFile; fileRef = 15FC0FAD2965BEE6001E637C /* demo_push_xcodeApp.swift */; };
		15FC0FB02965BEE6001E637C /* ContentView.swift in Sources */ = {isa = PBXBuildFile; fileRef = 15FC0FAF2965BEE6001E637C /* ContentView.swift */; };
		15FC0FB22965BEE7001E637C /* Assets.xcassets in Resources */ = {isa = PBXBuildFile; fileRef = 15FC0FB12965BEE7001E637C /* Assets.xcassets */; };
		15FC0FB52965BEE7001E637C /* Preview Assets.xcassets in Resources */ = {isa = PBXBuildFile; fileRef = 15FC0FB42965BEE7001E637C /* Preview Assets.xcassets */; };
		15FC0FBF2965BEE7001E637C /* demo_push_xcodeTests.swift in Sources */ = {isa = PBXBuildFile; fileRef = 15FC0FBE2965BEE7001E637C /* demo_push_xcodeTests.swift */; };
		15FC0FC92965BEE7001E637C /* demo_push_xcodeUITests.swift in Sources */ = {isa = PBXBuildFile; fileRef = 15FC0FC82965BEE7001E637C /* demo_push_xcodeUITests.swift */; };
		15FC0FCB2965BEE7001E637C /* demo_push_xcodeUITestsLaunchTests.swift in Sources */ = {isa = PBXBuildFile; fileRef = 15FC0FCA2965BEE7001E637C /* demo_push_xcodeUITestsLaunchTests.swift */; };
/* End PBXBuildFile section */

/* Begin PBXContainerItemProxy section */
		15FC0FBB2965BEE7001E637C /* PBXContainerItemProxy */ = {
			isa = PBXContainerItemProxy;
			containerPortal = 15FC0FA22965BEE6001E637C /* Project object */;
			proxyType = 1;
			remoteGlobalIDString = 15FC0FA92965BEE6001E637C;
			remoteInfo = "demo-push-xcode";
		};
		15FC0FC52965BEE7001E637C /* PBXContainerItemProxy */ = {
			isa = PBXContainerItemProxy;
			containerPortal = 15FC0FA22965BEE6001E637C /* Project object */;
			proxyType = 1;
			remoteGlobalIDString = 15FC0FA92965BEE6001E637C;
			remoteInfo = "demo-push-xcode";
		};
/* End PBXContainerItemProxy section */

/* Begin PBXFileReference section */
		15FC0FAA2965BEE6001E637C /* demo-push-xcode.app */ = {isa = PBXFileReference; explicitFileType = wrapper.application; includeInIndex = 0; path = "demo-push-xcode.app"; sourceTree = BUILT_PRODUCTS_DIR; };
		15FC0FAD2965BEE6001E637C /* demo_push_xcodeApp.swift */ = {isa = PBXFileReference; lastKnownFileType = sourcecode.swift; path = demo_push_xcodeApp.swift; sourceTree = "<group>"; };
		15FC0FAF2965BEE6001E637C /* ContentView.swift */ = {isa = PBXFileReference; lastKnownFileType = sourcecode.swift; path = ContentView.swift; sourceTree = "<group>"; };
		15FC0FB12965BEE7001E637C /* Assets.xcassets */ = {isa = PBXFileReference; lastKnownFileType = folder.assetcatalog; path = Assets.xcassets; sourceTree = "<group>"; };
		15FC0FB42965BEE7001E637C /* Preview Assets.xcassets */ = {isa = PBXFileReference; lastKnownFileType = folder.assetcatalog; path = "Preview Assets.xcassets"; sourceTree = "<group>"; };
		15FC0FBA2965BEE7001E637C /* demo-push-xcodeTests.xctest */ = {isa = PBXFileReference; explicitFileType = wrapper.cfbundle; includeInIndex = 0; path = "demo-push-xcodeTests.xctest"; sourceTree = BUILT_PRODUCTS_DIR; };
		15FC0FBE2965BEE7001E637C /* demo_push_xcodeTests.swift */ = {isa = PBXFileReference; lastKnownFileType = sourcecode.swift; path = demo_push_xcodeTests.swift; sourceTree = "<group>"; };
		15FC0FC42965BEE7001E637C /* demo-push-xcodeUITests.xctest */ = {isa = PBXFileReference; explicitFileType = wrapper.cfbundle; includeInIndex = 0; path = "demo-push-xcodeUITests.xctest"; sourceTree = BUILT_PRODUCTS_DIR; };
		15FC0FC82965BEE7001E637C /* demo_push_xcodeUITests.swift */ = {isa = PBXFileReference; lastKnownFileType = sourcecode.swift; path = demo_push_xcodeUITests.swift; sourceTree = "<group>"; };
		15FC0FCA2965BEE7001E637C /* demo_push_xcodeUITestsLaunchTests.swift */ = {isa = PBXFileReference; lastKnownFileType = sourcecode.swift; path = demo_push_xcodeUITestsLaunchTests.swift; sourceTree = "<group>"; };
/* End PBXFileReference section */

/* Begin PBXFrameworksBuildPhase section */
		15FC0FA72965BEE6001E637C /* Frameworks */ = {
			isa = PBXFrameworksBuildPhase;
			buildActionMask = 2147483647;
			files = (
			);
			runOnlyForDeploymentPostprocessing = 0;
		};
		15FC0FB72965BEE7001E637C /* Frameworks */ = {
			isa = PBXFrameworksBuildPhase;
			buildActionMask = 2147483647;
			files = (
			);
			runOnlyForDeploymentPostprocessing = 0;
		};
		15FC0FC12965BEE7001E637C /* Frameworks */ = {
			isa = PBXFrameworksBuildPhase;
			buildActionMask = 2147483647;
			files = (
			);
			runOnlyForDeploymentPostprocessing = 0;
		};
/* End PBXFrameworksBuildPhase section */

/* Begin PBXGroup section */
		15FC0FA12965BEE6001E637C = {
			isa = PBXGroup;
			children = (
				15FC0FAC2965BEE6001E637C /* demo-push-xcode */,
				15FC0FBD2965BEE7001E637C /* demo-push-xcodeTests */,
				15FC0FC72965BEE7001E637C /* demo-push-xcodeUITests */,
				15FC0FAB2965BEE6001E637C /* Products */,
			);
			sourceTree = "<group>";
		};
		15FC0FAB2965BEE6001E637C /* Products */ = {
			isa = PBXGroup;
			children = (
				15FC0FAA2965BEE6001E637C /* demo-push-xcode.app */,
				15FC0FBA2965BEE7001E637C /* demo-push-xcodeTests.xctest */,
				15FC0FC42965BEE7001E637C /* demo-push-xcodeUITests.xctest */,
			);
			name = Products;
			sourceTree = "<group>";
		};
		15FC0FAC2965BEE6001E637C /* demo-push-xcode */ = {
			isa = PBXGroup;
			children = (
				15FC0FAD2965BEE6001E637C /* demo_push_xcodeApp.swift */,
				15FC0FAF2965BEE6001E637C /* ContentView.swift */,
				15FC0FB12965BEE7001E637C /* Assets.xcassets */,
				15FC0FB32965BEE7001E637C /* Preview Content */,
			);
			path = "demo-push-xcode";
			sourceTree = "<group>";
		};
		15FC0FB32965BEE7001E637C /* Preview Content */ = {
			isa = PBXGroup;
			children = (
				15FC0FB42965BEE7001E637C /* Preview Assets.xcassets */,
			);
			path = "Preview Content";
			sourceTree = "<group>";
		};
		15FC0FBD2965BEE7001E637C /* demo-push-xcodeTests */ = {
			isa = PBXGroup;
			children = (
				15FC0FBE2965BEE7001E637C /* demo_push_xcodeTests.swift */,
			);
			path = "demo-push-xcodeTests";
			sourceTree = "<group>";
		};
		15FC0FC72965BEE7001E637C /* demo-push-xcodeUITests */ = {
			isa = PBXGroup;
			children = (
				15FC0FC82965BEE7001E637C /* demo_push_xcodeUITests.swift */,
				15FC0FCA2965BEE7001E637C /* demo_push_xcodeUITestsLaunchTests.swift */,
			);
			path = "demo-push-xcodeUITests";
			sourceTree = "<group>";
		};
/* End PBXGroup section */

/* Begin PBXNativeTarget section */
		15FC0FA92965BEE6001E637C /* demo-push-xcode */ = {
			isa = PBXNativeTarget;
			buildConfigurationList = 15FC0FCE2965BEE7001E637C /* Build configuration list for PBXNativeTarget "demo-push-xcode" */;
			buildPhases = (
				15FC0FA62965BEE6001E637C /* Sources */,
				15FC0FA72965BEE6001E637C /* Frameworks */,
				15FC0FA82965BEE6001E637C /* Resources */,
			);
			buildRules = (
			);
			dependencies = (
			);
			name = "demo-push-xcode";
			productName = "demo-push-xcode";
			productReference = 15FC0FAA2965BEE6001E637C /* demo-push-xcode.app */;
			productType = "com.apple.product-type.application";
		};
		15FC0FB92965BEE7001E637C /* demo-push-xcodeTests */ = {
			isa = PBXNativeTarget;
			buildConfigurationList = 15FC0FD12965BEE7001E637C /* Build configuration list for PBXNativeTarget "demo-push-xcodeTests" */;
			buildPhases = (
				15FC0FB62965BEE7001E637C /* Sources */,
				15FC0FB72965BEE7001E637C /* Frameworks */,
				15FC0FB82965BEE7001E637C /* Resources */,
			);
			buildRules = (
			);
			dependencies = (
				15FC0FBC2965BEE7001E637C /* PBXTargetDependency */,
			);
			name = "demo-push-xcodeTests";
			productName = "demo-push-xcodeTests";
			productReference = 15FC0FBA2965BEE7001E637C /* demo-push-xcodeTests.xctest */;
			productType = "com.apple.product-type.bundle.unit-test";
		};
		15FC0FC32965BEE7001E637C /* demo-push-xcodeUITests */ = {
			isa = PBXNativeTarget;
			buildConfigurationList = 15FC0FD42965BEE7001E637C /* Build configuration list for PBXNativeTarget "demo-push-xcodeUITests" */;
			buildPhases = (
				15FC0FC02965BEE7001E637C /* Sources */,
				15FC0FC12965BEE7001E637C /* Frameworks */,
				15FC0FC22965BEE7001E637C /* Resources */,
			);
			buildRules = (
			);
			dependencies = (
				15FC0FC62965BEE7001E637C /* PBXTargetDependency */,
			);
			name = "demo-push-xcodeUITests";
			productName = "demo-push-xcodeUITests";
			productReference = 15FC0FC42965BEE7001E637C /* demo-push-xcodeUITests.xctest */;
			productType = "com.apple.product-type.bundle.ui-testing";
		};
/* End PBXNativeTarget section */

/* Begin PBXProject section */
		15FC0FA22965BEE6001E637C /* Project object */ = {
			isa = PBXProject;
			attributes = {
				BuildIndependentTargetsInParallel = 1;
				LastSwiftUpdateCheck = 1420;
				LastUpgradeCheck = 1420;
				TargetAttributes = {
					15FC0FA92965BEE6001E637C = {
						CreatedOnToolsVersion = 14.2;
					};
					15FC0FB92965BEE7001E637C = {
						CreatedOnToolsVersion = 14.2;
						TestTargetID = 15FC0FA92965BEE6001E637C;
					};
					15FC0FC32965BEE7001E637C = {
						CreatedOnToolsVersion = 14.2;
						TestTargetID = 15FC0FA92965BEE6001E637C;
					};
				};
			};
			buildConfigurationList = 15FC0FA52965BEE6001E637C /* Build configuration list for PBXProject "demo-push-xcode" */;
			compatibilityVersion = "Xcode 14.0";
			developmentRegion = en;
			hasScannedForEncodings = 0;
			knownRegions = (
				en,
				Base,
			);
			mainGroup = 15FC0FA12965BEE6001E637C;
			productRefGroup = 15FC0FAB2965BEE6001E637C /* Products */;
			projectDirPath = "";
			projectRoot = "";
			targets = (
				15FC0FA92965BEE6001E637C /* demo-push-xcode */,
				15FC0FB92965BEE7001E637C /* demo-push-xcodeTests */,
				15FC0FC32965BEE7001E637C /* demo-push-xcodeUITests */,
			);
		};
/* End PBXProject section */

/* Begin PBXResourcesBuildPhase section */
		15FC0FA82965BEE6001E637C /* Resources */ = {
			isa = PBXResourcesBuildPhase;
			buildActionMask = 2147483647;
			files = (
				15FC0FB52965BEE7001E637C /* Preview Assets.xcassets in Resources */,
				15FC0FB22965BEE7001E637C /* Assets.xcassets in Resources */,
			);
			runOnlyForDeploymentPostprocessing = 0;
		};
		15FC0FB82965BEE7001E637C /* Resources */ = {
			isa = PBXResourcesBuildPhase;
			buildActionMask = 2147483647;
			files = (
			);
			runOnlyForDeploymentPostprocessing = 0;
		};
		15FC0FC22965BEE7001E637C /* Resources */ = {
			isa = PBXResourcesBuildPhase;
			buildActionMask = 2147483647;
			files = (
			);
			runOnlyForDeploymentPostprocessing = 0;
		};
/* End PBXResourcesBuildPhase section */

/* Begin PBXSourcesBuildPhase section */
		15FC0FA62965BEE6001E637C /* Sources */ = {
			isa = PBXSourcesBuildPhase;
			buildActionMask = 2147483647;
			files = (
				15FC0FB02965BEE6001E637C /* ContentView.swift in Sources */,
				15FC0FAE2965BEE6001E637C /* demo_push_xcodeApp.swift in Sources */,
			);
			runOnlyForDeploymentPostprocessing = 0;
		};
		15FC0FB62965BEE7001E637C /* Sources */ = {
			isa = PBXSourcesBuildPhase;
			buildActionMask = 2147483647;
			files = (
				15FC0FBF2965BEE7001E637C /* demo_push_xcodeTests.swift in Sources */,
			);
			runOnlyForDeploymentPostprocessing = 0;
		};
		15FC0FC02965BEE7001E637C /* Sources */ = {
			isa = PBXSourcesBuildPhase;
			buildActionMask = 2147483647;
			files = (
				15FC0FC92965BEE7001E637C /* demo_push_xcodeUITests.swift in Sources */,
				15FC0FCB2965BEE7001E637C /* demo_push_xcodeUITestsLaunchTests.swift in Sources */,
			);
			runOnlyForDeploymentPostprocessing = 0;
		};
/* End PBXSourcesBuildPhase section */

/* Begin PBXTargetDependency section */
		15FC0FBC2965BEE7001E637C /* PBXTargetDependency */ = {
			isa = PBXTargetDependency;
			target = 15FC0FA92965BEE6001E637C /* demo-push-xcode */;
			targetProxy = 15FC0FBB2965BEE7001E637C /* PBXContainerItemProxy */;
		};
		15FC0FC62965BEE7001E637C /* PBXTargetDependency */ = {
			isa = PBXTargetDependency;
			target = 15FC0FA92965BEE6001E637C /* demo-push-xcode */;
			targetProxy = 15FC0FC52965BEE7001E637C /* PBXContainerItemProxy */;
		};
/* End PBXTargetDependency section */

/* Begin XCBuildConfiguration section */
		15FC0FCC2965BEE7001E637C /* Debug */ = {
			isa = XCBuildConfiguration;
			buildSettings = {
				ALWAYS_SEARCH_USER_PATHS = NO;
				CLANG_ANALYZER_NONNULL = YES;
				CLANG_ANALYZER_NUMBER_OBJECT_CONVERSION = YES_AGGRESSIVE;
				CLANG_CXX_LANGUAGE_STANDARD = "gnu++20";
				CLANG_ENABLE_MODULES = YES;
				CLANG_ENABLE_OBJC_ARC = YES;
				CLANG_ENABLE_OBJC_WEAK = YES;
				CLANG_WARN_BLOCK_CAPTURE_AUTORELEASING = YES;
				CLANG_WARN_BOOL_CONVERSION = YES;
				CLANG_WARN_COMMA = YES;
				CLANG_WARN_CONSTANT_CONVERSION = YES;
				CLANG_WARN_DEPRECATED_OBJC_IMPLEMENTATIONS = YES;
				CLANG_WARN_DIRECT_OBJC_ISA_USAGE = YES_ERROR;
				CLANG_WARN_DOCUMENTATION_COMMENTS = YES;
				CLANG_WARN_EMPTY_BODY = YES;
				CLANG_WARN_ENUM_CONVERSION = YES;
				CLANG_WARN_INFINITE_RECURSION = YES;
				CLANG_WARN_INT_CONVERSION = YES;
				CLANG_WARN_NON_LITERAL_NULL_CONVERSION = YES;
				CLANG_WARN_OBJC_IMPLICIT_RETAIN_SELF = YES;
				CLANG_WARN_OBJC_LITERAL_CONVERSION = YES;
				CLANG_WARN_OBJC_ROOT_CLASS = YES_ERROR;
				CLANG_WARN_QUOTED_INCLUDE_IN_FRAMEWORK_HEADER = YES;
				CLANG_WARN_RANGE_LOOP_ANALYSIS = YES;
				CLANG_WARN_STRICT_PROTOTYPES = YES;
				CLANG_WARN_SUSPICIOUS_MOVE = YES;
				CLANG_WARN_UNGUARDED_AVAILABILITY = YES_AGGRESSIVE;
				CLANG_WARN_UNREACHABLE_CODE = YES;
				CLANG_WARN__DUPLICATE_METHOD_MATCH = YES;
				COPY_PHASE_STRIP = NO;
				DEBUG_INFORMATION_FORMAT = dwarf;
				ENABLE_STRICT_OBJC_MSGSEND = YES;
				ENABLE_TESTABILITY = YES;
				GCC_C_LANGUAGE_STANDARD = gnu11;
				GCC_DYNAMIC_NO_PIC = NO;
				GCC_NO_COMMON_BLOCKS = YES;
				GCC_OPTIMIZATION_LEVEL = 0;
				GCC_PREPROCESSOR_DEFINITIONS = (
					"DEBUG=1",
					"$(inherited)",
				);
				GCC_WARN_64_TO_32_BIT_CONVERSION = YES;
				GCC_WARN_ABOUT_RETURN_TYPE = YES_ERROR;
				GCC_WARN_UNDECLARED_SELECTOR = YES;
				GCC_WARN_UNINITIALIZED_AUTOS = YES_AGGRESSIVE;
				GCC_WARN_UNUSED_FUNCTION = YES;
				GCC_WARN_UNUSED_VARIABLE = YES;
				IPHONEOS_DEPLOYMENT_TARGET = 16.2;
				MTL_ENABLE_DEBUG_INFO = INCLUDE_SOURCE;
				MTL_FAST_MATH = YES;
				ONLY_ACTIVE_ARCH = YES;
				SDKROOT = iphoneos;
				SWIFT_ACTIVE_COMPILATION_CONDITIONS = DEBUG;
				SWIFT_OPTIMIZATION_LEVEL = "-Onone";
			};
			name = Debug;
		};
		15FC0FCD2965BEE7001E637C /* Release */ = {
			isa = XCBuildConfiguration;
			buildSettings = {
				ALWAYS_SEARCH_USER_PATHS = NO;
				CLANG_ANALYZER_NONNULL = YES;
				CLANG_ANALYZER_NUMBER_OBJECT_CONVERSION = YES_AGGRESSIVE;
				CLANG_CXX_LANGUAGE_STANDARD = "gnu++20";
				CLANG_ENABLE_MODULES = YES;
				CLANG_ENABLE_OBJC_ARC = YES;
				CLANG_ENABLE_OBJC_WEAK = YES;
				CLANG_WARN_BLOCK_CAPTURE_AUTORELEASING = YES;
				CLANG_WARN_BOOL_CONVERSION = YES;
				CLANG_WARN_COMMA = YES;
				CLANG_WARN_CONSTANT_CONVERSION = YES;
				CLANG_WARN_DEPRECATED_OBJC_IMPLEMENTATIONS = YES;
				CLANG_WARN_DIRECT_OBJC_ISA_USAGE = YES_ERROR;
				CLANG_WARN_DOCUMENTATION_COMMENTS = YES;
				CLANG_WARN_EMPTY_BODY = YES;
				CLANG_WARN_ENUM_CONVERSION = YES;
				CLANG_WARN_INFINITE_RECURSION = YES;
				CLANG_WARN_INT_CONVERSION = YES;
				CLANG_WARN_NON_LITERAL_NULL_CONVERSION = YES;
				CLANG_WARN_OBJC_IMPLICIT_RETAIN_SELF = YES;
				CLANG_WARN_OBJC_LITERAL_CONVERSION = YES;
				CLANG_WARN_OBJC_ROOT_CLASS = YES_ERROR;
				CLANG_WARN_QUOTED_INCLUDE_IN_FRAMEWORK_HEADER = YES;
				CLANG_WARN_RANGE_LOOP_ANALYSIS = YES;
				CLANG_WARN_STRICT_PROTOTYPES = YES;
				CLANG_WARN_SUSPICIOUS_MOVE = YES;
				CLANG_WARN_UNGUARDED_AVAILABILITY = YES_AGGRESSIVE;
				CLANG_WARN_UNREACHABLE_CODE = YES;
				CLANG_WARN__DUPLICATE_METHOD_MATCH = YES;
				COPY_PHASE_STRIP = NO;
				DEBUG_INFORMATION_FORMAT = "dwarf-with-dsym";
				ENABLE_NS_ASSERTIONS = NO;
				ENABLE_STRICT_OBJC_MSGSEND = YES;
				GCC_C_LANGUAGE_STANDARD = gnu11;
				GCC_NO_COMMON_BLOCKS = YES;
				GCC_WARN_64_TO_32_BIT_CONVERSION = YES;
				GCC_WARN_ABOUT_RETURN_TYPE = YES_ERROR;
				GCC_WARN_UNDECLARED_SELECTOR = YES;
				GCC_WARN_UNINITIALIZED_AUTOS = YES_AGGRESSIVE;
				GCC_WARN_UNUSED_FUNCTION = YES;
				GCC_WARN_UNUSED_VARIABLE = YES;
				IPHONEOS_DEPLOYMENT_TARGET = 16.2;
				MTL_ENABLE_DEBUG_INFO = NO;
				MTL_FAST_MATH = YES;
				SDKROOT = iphoneos;
				SWIFT_COMPILATION_MODE = wholemodule;
				SWIFT_OPTIMIZATION_LEVEL = "-O";
				VALIDATE_PRODUCT = YES;
			};
			name = Release;
		};
		15FC0FCF2965BEE7001E637C /* Debug */ = {
			isa = XCBuildConfiguration;
			buildSettings = {
				ASSETCATALOG_COMPILER_APPICON_NAME = AppIcon;
				ASSETCATALOG_COMPILER_GLOBAL_ACCENT_COLOR_NAME = AccentColor;
				CODE_SIGN_STYLE = Automatic;
				CURRENT_PROJECT_VERSION = 1;
				DEVELOPMENT_ASSET_PATHS = "\"demo-push-xcode/Preview Content\"";
				DEVELOPMENT_TEAM = W837CFX82T;
				ENABLE_PREVIEWS = YES;
				GENERATE_INFOPLIST_FILE = YES;
				INFOPLIST_KEY_UIApplicationSceneManifest_Generation = YES;
				INFOPLIST_KEY_UIApplicationSupportsIndirectInputEvents = YES;
				INFOPLIST_KEY_UILaunchScreen_Generation = YES;
				INFOPLIST_KEY_UISupportedInterfaceOrientations_iPad = "UIInterfaceOrientationPortrait UIInterfaceOrientationPortraitUpsideDown UIInterfaceOrientationLandscapeLeft UIInterfaceOrientationLandscapeRight";
				INFOPLIST_KEY_UISupportedInterfaceOrientations_iPhone = "UIInterfaceOrientationPortrait UIInterfaceOrientationLandscapeLeft UIInterfaceOrientationLandscapeRight";
				LD_RUNPATH_SEARCH_PATHS = (
					"$(inherited)",
					"@executable_path/Frameworks",
				);
				MARKETING_VERSION = 1.0;
				PRODUCT_BUNDLE_IDENTIFIER = "personal.demo-push-xcode";
				PRODUCT_NAME = "$(TARGET_NAME)";
				SWIFT_EMIT_LOC_STRINGS = YES;
				SWIFT_VERSION = 5.0;
				TARGETED_DEVICE_FAMILY = "1,2";
			};
			name = Debug;
		};
		15FC0FD02965BEE7001E637C /* Release */ = {
			isa = XCBuildConfiguration;
			buildSettings = {
				ASSETCATALOG_COMPILER_APPICON_NAME = AppIcon;
				ASSETCATALOG_COMPILER_GLOBAL_ACCENT_COLOR_NAME = AccentColor;
				CODE_SIGN_STYLE = Automatic;
				CURRENT_PROJECT_VERSION = 1;
				DEVELOPMENT_ASSET_PATHS = "\"demo-push-xcode/Preview Content\"";
				DEVELOPMENT_TEAM = W837CFX82T;
				ENABLE_PREVIEWS = YES;
				GENERATE_INFOPLIST_FILE = YES;
				INFOPLIST_KEY_UIApplicationSceneManifest_Generation = YES;
				INFOPLIST_KEY_UIApplicationSupportsIndirectInputEvents = YES;
				INFOPLIST_KEY_UILaunchScreen_Generation = YES;
				INFOPLIST_KEY_UISupportedInterfaceOrientations_iPad = "UIInterfaceOrientationPortrait UIInterfaceOrientationPortraitUpsideDown UIInterfaceOrientationLandscapeLeft UIInterfaceOrientationLandscapeRight";
				INFOPLIST_KEY_UISupportedInterfaceOrientations_iPhone = "UIInterfaceOrientationPortrait UIInterfaceOrientationLandscapeLeft UIInterfaceOrientationLandscapeRight";
				LD_RUNPATH_SEARCH_PATHS = (
					"$(inherited)",
					"@executable_path/Frameworks",
				);
				MARKETING_VERSION = 1.0;
				PRODUCT_BUNDLE_IDENTIFIER = "personal.demo-push-xcode";
				PRODUCT_NAME = "$(TARGET_NAME)";
				SWIFT_EMIT_LOC_STRINGS = YES;
				SWIFT_VERSION = 5.0;
				TARGETED_DEVICE_FAMILY = "1,2";
			};
			name = Release;
		};
		15FC0FD22965BEE7001E637C /* Debug */ = {
			isa = XCBuildConfiguration;
			buildSettings = {
				ALWAYS_EMBED_SWIFT_STANDARD_LIBRARIES = YES;
				BUNDLE_LOADER = "$(TEST_HOST)";
				CODE_SIGN_STYLE = Automatic;
				CURRENT_PROJECT_VERSION = 1;
				DEVELOPMENT_TEAM = W837CFX82T;
				GENERATE_INFOPLIST_FILE = YES;
				IPHONEOS_DEPLOYMENT_TARGET = 16.2;
				MARKETING_VERSION = 1.0;
				PRODUCT_BUNDLE_IDENTIFIER = "personal.demo-push-xcodeTests";
				PRODUCT_NAME = "$(TARGET_NAME)";
				SWIFT_EMIT_LOC_STRINGS = NO;
				SWIFT_VERSION = 5.0;
				TARGETED_DEVICE_FAMILY = "1,2";
				TEST_HOST = "$(BUILT_PRODUCTS_DIR)/demo-push-xcode.app/$(BUNDLE_EXECUTABLE_FOLDER_PATH)/demo-push-xcode";
			};
			name = Debug;
		};
		15FC0FD32965BEE7001E637C /* Release */ = {
			isa = XCBuildConfiguration;
			buildSettings = {
				ALWAYS_EMBED_SWIFT_STANDARD_LIBRARIES = YES;
				BUNDLE_LOADER = "$(TEST_HOST)";
				CODE_SIGN_STYLE = Automatic;
				CURRENT_PROJECT_VERSION = 1;
				DEVELOPMENT_TEAM = W837CFX82T;
				GENERATE_INFOPLIST_FILE = YES;
				IPHONEOS_DEPLOYMENT_TARGET = 16.2;
				MARKETING_VERSION = 1.0;
				PRODUCT_BUNDLE_IDENTIFIER = "personal.demo-push-xcodeTests";
				PRODUCT_NAME = "$(TARGET_NAME)";
				SWIFT_EMIT_LOC_STRINGS = NO;
				SWIFT_VERSION = 5.0;
				TARGETED_DEVICE_FAMILY = "1,2";
				TEST_HOST = "$(BUILT_PRODUCTS_DIR)/demo-push-xcode.app/$(BUNDLE_EXECUTABLE_FOLDER_PATH)/demo-push-xcode";
			};
			name = Release;
		};
		15FC0FD52965BEE7001E637C /* Debug */ = {
			isa = XCBuildConfiguration;
			buildSettings = {
				ALWAYS_EMBED_SWIFT_STANDARD_LIBRARIES = YES;
				CODE_SIGN_STYLE = Automatic;
				CURRENT_PROJECT_VERSION = 1;
				DEVELOPMENT_TEAM = W837CFX82T;
				GENERATE_INFOPLIST_FILE = YES;
				MARKETING_VERSION = 1.0;
				PRODUCT_BUNDLE_IDENTIFIER = "personal.demo-push-xcodeUITests";
				PRODUCT_NAME = "$(TARGET_NAME)";
				SWIFT_EMIT_LOC_STRINGS = NO;
				SWIFT_VERSION = 5.0;
				TARGETED_DEVICE_FAMILY = "1,2";
				TEST_TARGET_NAME = "demo-push-xcode";
			};
			name = Debug;
		};
		15FC0FD62965BEE7001E637C /* Release */ = {
			isa = XCBuildConfiguration;
			buildSettings = {
				ALWAYS_EMBED_SWIFT_STANDARD_LIBRARIES = YES;
				CODE_SIGN_STYLE = Automatic;
				CURRENT_PROJECT_VERSION = 1;
				DEVELOPMENT_TEAM = W837CFX82T;
				GENERATE_INFOPLIST_FILE = YES;
				MARKETING_VERSION = 1.0;
				PRODUCT_BUNDLE_IDENTIFIER = "personal.demo-push-xcodeUITests";
				PRODUCT_NAME = "$(TARGET_NAME)";
				SWIFT_EMIT_LOC_STRINGS = NO;
				SWIFT_VERSION = 5.0;
				TARGETED_DEVICE_FAMILY = "1,2";
				TEST_TARGET_NAME = "demo-push-xcode";
			};
			name = Release;
		};
/* End XCBuildConfiguration section */

/* Begin XCConfigurationList section */
		15FC0FA52965BEE6001E637C /* Build configuration list for PBXProject "demo-push-xcode" */ = {
			isa = XCConfigurationList;
			buildConfigurations = (
				15FC0FCC2965BEE7001E637C /* Debug */,
				15FC0FCD2965BEE7001E637C /* Release */,
			);
			defaultConfigurationIsVisible = 0;
			defaultConfigurationName = Release;
		};
		15FC0FCE2965BEE7001E637C /* Build configuration list for PBXNativeTarget "demo-push-xcode" */ = {
			isa = XCConfigurationList;
			buildConfigurations = (
				15FC0FCF2965BEE7001E637C /* Debug */,
				15FC0FD02965BEE7001E637C /* Release */,
			);
			defaultConfigurationIsVisible = 0;
			defaultConfigurationName = Release;
		};
		15FC0FD12965BEE7001E637C /* Build configuration list for PBXNativeTarget "demo-push-xcodeTests" */ = {
			isa = XCConfigurationList;
			buildConfigurations = (
				15FC0FD22965BEE7001E637C /* Debug */,
				15FC0FD32965BEE7001E637C /* Release */,
			);
			defaultConfigurationIsVisible = 0;
			defaultConfigurationName = Release;
		};
		15FC0FD42965BEE7001E637C /* Build configuration list for PBXNativeTarget "demo-push-xcodeUITests" */ = {
			isa = XCConfigurationList;
			buildConfigurations = (
				15FC0FD52965BEE7001E637C /* Debug */,
				15FC0FD62965BEE7001E637C /* Release */,
			);
			defaultConfigurationIsVisible = 0;
			defaultConfigurationName = Release;
		};
/* End XCConfigurationList section */
	};
	rootObject = 15FC0FA22965BEE6001E637C /* Project object */;
}
